
Microsoft Visual Studio Solution File, Format Version 12.00
# Visual Studio 15
VisualStudioVersion = 15.0.27703.2035
MinimumVisualStudioVersion = 10.0.40219.1
Project("{FAE04EC0-301F-11D3-BF4B-00C04F79EFBC}") = "ConsoleApp4", "ConsoleApp4\ConsoleApp4.csproj", "{8EDAB378-9B90-4F67-9104-449C97376ADC}"
EndProject
Global
	GlobalSection(SolutionConfigurationPlatforms) = preSolution
		Debug|Any CPU = Debug|Any CPU
		Release|Any CPU = Release|Any CPU
	EndGlobalSection
	GlobalSection(ProjectConfigurationPlatforms) = postSolution
		{8EDAB378-9B90-4F67-9104-449C97376ADC}.Debug|Any CPU.ActiveCfg = Debug|Any CPU
		{8EDAB378-9B90-4F67-9104-449C97376ADC}.Debug|Any CPU.Build.0 = Debug|Any CPU
		{8EDAB378-9B90-4F67-9104-449C97376ADC}.Release|Any CPU.ActiveCfg = Release|Any CPU
		{8EDAB378-9B90-4F67-9104-449C97376ADC}.Release|Any CPU.Build.0 = Release|Any CPU
	EndGlobalSection
	GlobalSection(SolutionProperties) = preSolution
		HideSolutionNode = FALSE
	EndGlobalSection
	GlobalSection(ExtensibilityGlobals) = postSolution
		SolutionGuid = {1B9EE312-B186-4D1B-87DC-05BE3212789D}
	EndGlobalSection
EndGlobal
